
Microsoft Visual Studio Solution File, Format Version 11.00
# Visual Studio 2010
Project("{FAE04EC0-301F-11D3-BF4B-00C04F79EFBC}") = "Pro_Sec", "Pro_Sec\Pro_Sec.csproj", "{556BA5C5-CC11-4231-AF84-9580D02F3BB4}"
EndProject
Global
	GlobalSection(SolutionConfigurationPlatforms) = preSolution
		Debug|x86 = Debug|x86
		Release|x86 = Release|x86
	EndGlobalSection
	GlobalSection(ProjectConfigurationPlatforms) = postSolution
		{556BA5C5-CC11-4231-AF84-9580D02F3BB4}.Debug|x86.ActiveCfg = Debug|x86
		{556BA5C5-CC11-4231-AF84-9580D02F3BB4}.Debug|x86.Build.0 = Debug|x86
		{556BA5C5-CC11-4231-AF84-9580D02F3BB4}.Release|x86.ActiveCfg = Release|x86
		{556BA5C5-CC11-4231-AF84-9580D02F3BB4}.Release|x86.Build.0 = Release|x86
	EndGlobalSection
	GlobalSection(SolutionProperties) = preSolution
		HideSolutionNode = FALSE
	EndGlobalSection
EndGlobal
